// !$*UTF8*$!
{
	archiveVersion = 1;
	classes = {
	};
	objectVersion = 60;
	objects = {

/* Begin PBXBuildFile section */
		330370F42CD94DE700A47000 /* WeatherScreen.swift in Sources */ = {isa = PBXBuildFile; fileRef = 330370F32CD94DE700A47000 /* WeatherScreen.swift */; };
		3308DBB62CE6837800A722B8 /* WeatherCache.swift in Sources */ = {isa = PBXBuildFile; fileRef = 3308DBB52CE6837800A722B8 /* WeatherCache.swift */; };
		335BE2722CDBD6F300CDCD51 /* ServiceLocator.swift in Sources */ = {isa = PBXBuildFile; fileRef = 335BE2712CDBD6F300CDCD51 /* ServiceLocator.swift */; };
		335BE2762CDBD9D100CDCD51 /* NetworkService.swift in Sources */ = {isa = PBXBuildFile; fileRef = 335BE2752CDBD9D100CDCD51 /* NetworkService.swift */; };
		335BE2792CDBDA1F00CDCD51 /* StorageService.swift in Sources */ = {isa = PBXBuildFile; fileRef = 335BE2782CDBDA1F00CDCD51 /* StorageService.swift */; };
		338269172CEABFDB00A201B6 /* WeatherService.swift in Sources */ = {isa = PBXBuildFile; fileRef = 338269162CEABFDB00A201B6 /* WeatherService.swift */; };
		3390E2DB2CC6C26B0063CE5B /* GalkinHomework2App.swift in Sources */ = {isa = PBXBuildFile; fileRef = 3390E2DA2CC6C26B0063CE5B /* GalkinHomework2App.swift */; };
		3390E2DD2CC6C26B0063CE5B /* ContentView.swift in Sources */ = {isa = PBXBuildFile; fileRef = 3390E2DC2CC6C26B0063CE5B /* ContentView.swift */; };
		3390E2DF2CC6C2760063CE5B /* Assets.xcassets in Resources */ = {isa = PBXBuildFile; fileRef = 3390E2DE2CC6C2760063CE5B /* Assets.xcassets */; };
		3390E2E22CC6C2760063CE5B /* Preview Assets.xcassets in Resources */ = {isa = PBXBuildFile; fileRef = 3390E2E12CC6C2760063CE5B /* Preview Assets.xcassets */; };
		3394B1922CE4E0000053D0FB /* WeatherCitiesModel.swift in Sources */ = {isa = PBXBuildFile; fileRef = 3394B1912CE4E0000053D0FB /* WeatherCitiesModel.swift */; };
		3394B1962CE4E2D40053D0FB /* DS in Frameworks */ = {isa = PBXBuildFile; productRef = 3394B1952CE4E2D40053D0FB /* DS */; };
		3394B1A12CE4E64D0053D0FB /* WeatherNetwork in Frameworks */ = {isa = PBXBuildFile; productRef = 3394B1A02CE4E64D0053D0FB /* WeatherNetwork */; };
/* End PBXBuildFile section */

/* Begin PBXFileReference section */
		330370ED2CD92EE300A47000 /* generateWeatherAPI.sh */ = {isa = PBXFileReference; lastKnownFileType = text.script.sh; path = generateWeatherAPI.sh; sourceTree = "<group>"; };
		330370F32CD94DE700A47000 /* WeatherScreen.swift */ = {isa = PBXFileReference; lastKnownFileType = sourcecode.swift; path = WeatherScreen.swift; sourceTree = "<group>"; };
		3308DBB52CE6837800A722B8 /* WeatherCache.swift */ = {isa = PBXFileReference; lastKnownFileType = sourcecode.swift; path = WeatherCache.swift; sourceTree = "<group>"; };
		335BE2712CDBD6F300CDCD51 /* ServiceLocator.swift */ = {isa = PBXFileReference; lastKnownFileType = sourcecode.swift; path = ServiceLocator.swift; sourceTree = "<group>"; };
		335BE2752CDBD9D100CDCD51 /* NetworkService.swift */ = {isa = PBXFileReference; lastKnownFileType = sourcecode.swift; path = NetworkService.swift; sourceTree = "<group>"; };
		335BE2782CDBDA1F00CDCD51 /* StorageService.swift */ = {isa = PBXFileReference; lastKnownFileType = sourcecode.swift; path = StorageService.swift; sourceTree = "<group>"; };
		338269162CEABFDB00A201B6 /* WeatherService.swift */ = {isa = PBXFileReference; lastKnownFileType = sourcecode.swift; path = WeatherService.swift; sourceTree = "<group>"; };
		3390E2D72CC6C26B0063CE5B /* GalkinHomework2.app */ = {isa = PBXFileReference; explicitFileType = wrapper.application; includeInIndex = 0; path = GalkinHomework2.app; sourceTree = BUILT_PRODUCTS_DIR; };
		3390E2DA2CC6C26B0063CE5B /* GalkinHomework2App.swift */ = {isa = PBXFileReference; lastKnownFileType = sourcecode.swift; path = GalkinHomework2App.swift; sourceTree = "<group>"; };
		3390E2DC2CC6C26B0063CE5B /* ContentView.swift */ = {isa = PBXFileReference; lastKnownFileType = sourcecode.swift; path = ContentView.swift; sourceTree = "<group>"; };
		3390E2DE2CC6C2760063CE5B /* Assets.xcassets */ = {isa = PBXFileReference; lastKnownFileType = folder.assetcatalog; path = Assets.xcassets; sourceTree = "<group>"; };
		3390E2E12CC6C2760063CE5B /* Preview Assets.xcassets */ = {isa = PBXFileReference; lastKnownFileType = folder.assetcatalog; path = "Preview Assets.xcassets"; sourceTree = "<group>"; };
		3394B1912CE4E0000053D0FB /* WeatherCitiesModel.swift */ = {isa = PBXFileReference; lastKnownFileType = sourcecode.swift; path = WeatherCitiesModel.swift; sourceTree = "<group>"; };
/* End PBXFileReference section */

/* Begin PBXFrameworksBuildPhase section */
		3390E2D42CC6C26B0063CE5B /* Frameworks */ = {
			isa = PBXFrameworksBuildPhase;
			buildActionMask = 2147483647;
			files = (
				3394B1A12CE4E64D0053D0FB /* WeatherNetwork in Frameworks */,
				3394B1962CE4E2D40053D0FB /* DS in Frameworks */,
			);
			runOnlyForDeploymentPostprocessing = 0;
		};
/* End PBXFrameworksBuildPhase section */

/* Begin PBXGroup section */
		330370E92CD9266400A47000 /* Frameworks */ = {
			isa = PBXGroup;
			children = (
			);
			name = Frameworks;
			sourceTree = "<group>";
		};
		330370F22CD94DCF00A47000 /* WeatherScreen */ = {
			isa = PBXGroup;
			children = (
				330370F32CD94DE700A47000 /* WeatherScreen.swift */,
				3394B1912CE4E0000053D0FB /* WeatherCitiesModel.swift */,
			);
			path = WeatherScreen;
			sourceTree = "<group>";
		};
		3308DBB42CE682B700A722B8 /* StorageModels */ = {
			isa = PBXGroup;
			children = (
				3308DBB52CE6837800A722B8 /* WeatherCache.swift */,
			);
			path = StorageModels;
			sourceTree = "<group>";
		};
		335BE26F2CDBD6D900CDCD51 /* Core */ = {
			isa = PBXGroup;
			children = (
				335BE2732CDBD99A00CDCD51 /* Services */,
				335BE2702CDBD6E000CDCD51 /* ServiceLocator */,
			);
			path = Core;
			sourceTree = "<group>";
		};
		335BE2702CDBD6E000CDCD51 /* ServiceLocator */ = {
			isa = PBXGroup;
			children = (
				335BE2712CDBD6F300CDCD51 /* ServiceLocator.swift */,
			);
			path = ServiceLocator;
			sourceTree = "<group>";
		};
		335BE2732CDBD99A00CDCD51 /* Services */ = {
			isa = PBXGroup;
			children = (
				338269152CEABFCD00A201B6 /* WeatherService */,
				335BE2772CDBDA0F00CDCD51 /* StorageService */,
				335BE2742CDBD9B500CDCD51 /* NetworkService */,
			);
			path = Services;
			sourceTree = "<group>";
		};
		335BE2742CDBD9B500CDCD51 /* NetworkService */ = {
			isa = PBXGroup;
			children = (
				335BE2752CDBD9D100CDCD51 /* NetworkService.swift */,
			);
			path = NetworkService;
			sourceTree = "<group>";
		};
		335BE2772CDBDA0F00CDCD51 /* StorageService */ = {
			isa = PBXGroup;
			children = (
				335BE2782CDBDA1F00CDCD51 /* StorageService.swift */,
				3308DBB42CE682B700A722B8 /* StorageModels */,
			);
			path = StorageService;
			sourceTree = "<group>";
		};
		335BE27A2CDBDA5900CDCD51 /* Screens */ = {
			isa = PBXGroup;
			children = (
				330370F22CD94DCF00A47000 /* WeatherScreen */,
			);
			path = Screens;
			sourceTree = "<group>";
		};
		338269152CEABFCD00A201B6 /* WeatherService */ = {
			isa = PBXGroup;
			children = (
				338269162CEABFDB00A201B6 /* WeatherService.swift */,
			);
			path = WeatherService;
			sourceTree = "<group>";
		};
		3390E2CE2CC6C26B0063CE5B = {
			isa = PBXGroup;
			children = (
				330370ED2CD92EE300A47000 /* generateWeatherAPI.sh */,
				3390E2D92CC6C26B0063CE5B /* GalkinHomework2 */,
				3390E2D82CC6C26B0063CE5B /* Products */,
				330370E92CD9266400A47000 /* Frameworks */,
			);
			sourceTree = "<group>";
		};
		3390E2D82CC6C26B0063CE5B /* Products */ = {
			isa = PBXGroup;
			children = (
				3390E2D72CC6C26B0063CE5B /* GalkinHomework2.app */,
			);
			name = Products;
			sourceTree = "<group>";
		};
		3390E2D92CC6C26B0063CE5B /* GalkinHomework2 */ = {
			isa = PBXGroup;
			children = (
				335BE26F2CDBD6D900CDCD51 /* Core */,
				335BE27A2CDBDA5900CDCD51 /* Screens */,
				3390E2DA2CC6C26B0063CE5B /* GalkinHomework2App.swift */,
				3390E2DC2CC6C26B0063CE5B /* ContentView.swift */,
				3390E2DE2CC6C2760063CE5B /* Assets.xcassets */,
				3390E2E02CC6C2760063CE5B /* Preview Content */,
			);
			path = GalkinHomework2;
			sourceTree = "<group>";
		};
		3390E2E02CC6C2760063CE5B /* Preview Content */ = {
			isa = PBXGroup;
			children = (
				3390E2E12CC6C2760063CE5B /* Preview Assets.xcassets */,
			);
			path = "Preview Content";
			sourceTree = "<group>";
		};
/* End PBXGroup section */

/* Begin PBXNativeTarget section */
		3390E2D62CC6C26B0063CE5B /* GalkinHomework2 */ = {
			isa = PBXNativeTarget;
			buildConfigurationList = 3390E2E52CC6C2760063CE5B /* Build configuration list for PBXNativeTarget "GalkinHomework2" */;
			buildPhases = (
				3390E2D32CC6C26B0063CE5B /* Sources */,
				3390E2D42CC6C26B0063CE5B /* Frameworks */,
				3390E2D52CC6C26B0063CE5B /* Resources */,
			);
			buildRules = (
			);
			dependencies = (
			);
			name = GalkinHomework2;
			packageProductDependencies = (
				3394B1952CE4E2D40053D0FB /* DS */,
				3394B1A02CE4E64D0053D0FB /* WeatherNetwork */,
			);
			productName = GalkinHomework2;
			productReference = 3390E2D72CC6C26B0063CE5B /* GalkinHomework2.app */;
			productType = "com.apple.product-type.application";
		};
/* End PBXNativeTarget section */

/* Begin PBXProject section */
		3390E2CF2CC6C26B0063CE5B /* Project object */ = {
			isa = PBXProject;
			attributes = {
				BuildIndependentTargetsInParallel = 1;
				LastSwiftUpdateCheck = 1540;
				LastUpgradeCheck = 1540;
				TargetAttributes = {
					3390E2D62CC6C26B0063CE5B = {
						CreatedOnToolsVersion = 15.4;
					};
				};
			};
			buildConfigurationList = 3390E2D22CC6C26B0063CE5B /* Build configuration list for PBXProject "GalkinHomework2" */;
			compatibilityVersion = "Xcode 14.0";
			developmentRegion = en;
			hasScannedForEncodings = 0;
			knownRegions = (
				en,
				Base,
			);
			mainGroup = 3390E2CE2CC6C26B0063CE5B;
			packageReferences = (
				3394B1942CE4E2D40053D0FB /* XCLocalSwiftPackageReference "Modules/DS" */,
				3394B19F2CE4E64D0053D0FB /* XCLocalSwiftPackageReference "Modules/WeatherNetwork" */,
			);
			productRefGroup = 3390E2D82CC6C26B0063CE5B /* Products */;
			projectDirPath = "";
			projectRoot = "";
			targets = (
				3390E2D62CC6C26B0063CE5B /* GalkinHomework2 */,
			);
		};
/* End PBXProject section */

/* Begin PBXResourcesBuildPhase section */
		3390E2D52CC6C26B0063CE5B /* Resources */ = {
			isa = PBXResourcesBuildPhase;
			buildActionMask = 2147483647;
			files = (
				3390E2E22CC6C2760063CE5B /* Preview Assets.xcassets in Resources */,
				3390E2DF2CC6C2760063CE5B /* Assets.xcassets in Resources */,
			);
			runOnlyForDeploymentPostprocessing = 0;
		};
/* End PBXResourcesBuildPhase section */

/* Begin PBXSourcesBuildPhase section */
		3390E2D32CC6C26B0063CE5B /* Sources */ = {
			isa = PBXSourcesBuildPhase;
			buildActionMask = 2147483647;
			files = (
				3308DBB62CE6837800A722B8 /* WeatherCache.swift in Sources */,
				338269172CEABFDB00A201B6 /* WeatherService.swift in Sources */,
				335BE2762CDBD9D100CDCD51 /* NetworkService.swift in Sources */,
				335BE2792CDBDA1F00CDCD51 /* StorageService.swift in Sources */,
				335BE2722CDBD6F300CDCD51 /* ServiceLocator.swift in Sources */,
				3394B1922CE4E0000053D0FB /* WeatherCitiesModel.swift in Sources */,
				330370F42CD94DE700A47000 /* WeatherScreen.swift in Sources */,
				3390E2DD2CC6C26B0063CE5B /* ContentView.swift in Sources */,
				3390E2DB2CC6C26B0063CE5B /* GalkinHomework2App.swift in Sources */,
			);
			runOnlyForDeploymentPostprocessing = 0;
		};
/* End PBXSourcesBuildPhase section */

/* Begin XCBuildConfiguration section */
		3390E2E32CC6C2760063CE5B /* Debug */ = {
			isa = XCBuildConfiguration;
			buildSettings = {
				ALWAYS_SEARCH_USER_PATHS = NO;
				ASSETCATALOG_COMPILER_GENERATE_SWIFT_ASSET_SYMBOL_EXTENSIONS = YES;
				CLANG_ANALYZER_NONNULL = YES;
				CLANG_ANALYZER_NUMBER_OBJECT_CONVERSION = YES_AGGRESSIVE;
				CLANG_CXX_LANGUAGE_STANDARD = "gnu++20";
				CLANG_ENABLE_MODULES = YES;
				CLANG_ENABLE_OBJC_ARC = YES;
				CLANG_ENABLE_OBJC_WEAK = YES;
				CLANG_WARN_BLOCK_CAPTURE_AUTORELEASING = YES;
				CLANG_WARN_BOOL_CONVERSION = YES;
				CLANG_WARN_COMMA = YES;
				CLANG_WARN_CONSTANT_CONVERSION = YES;
				CLANG_WARN_DEPRECATED_OBJC_IMPLEMENTATIONS = YES;
				CLANG_WARN_DIRECT_OBJC_ISA_USAGE = YES_ERROR;
				CLANG_WARN_DOCUMENTATION_COMMENTS = YES;
				CLANG_WARN_EMPTY_BODY = YES;
				CLANG_WARN_ENUM_CONVERSION = YES;
				CLANG_WARN_INFINITE_RECURSION = YES;
				CLANG_WARN_INT_CONVERSION = YES;
				CLANG_WARN_NON_LITERAL_NULL_CONVERSION = YES;
				CLANG_WARN_OBJC_IMPLICIT_RETAIN_SELF = YES;
				CLANG_WARN_OBJC_LITERAL_CONVERSION = YES;
				CLANG_WARN_OBJC_ROOT_CLASS = YES_ERROR;
				CLANG_WARN_QUOTED_INCLUDE_IN_FRAMEWORK_HEADER = YES;
				CLANG_WARN_RANGE_LOOP_ANALYSIS = YES;
				CLANG_WARN_STRICT_PROTOTYPES = YES;
				CLANG_WARN_SUSPICIOUS_MOVE = YES;
				CLANG_WARN_UNGUARDED_AVAILABILITY = YES_AGGRESSIVE;
				CLANG_WARN_UNREACHABLE_CODE = YES;
				CLANG_WARN__DUPLICATE_METHOD_MATCH = YES;
				COPY_PHASE_STRIP = NO;
				DEBUG_INFORMATION_FORMAT = dwarf;
				ENABLE_STRICT_OBJC_MSGSEND = YES;
				ENABLE_TESTABILITY = YES;
				ENABLE_USER_SCRIPT_SANDBOXING = YES;
				GCC_C_LANGUAGE_STANDARD = gnu17;
				GCC_DYNAMIC_NO_PIC = NO;
				GCC_NO_COMMON_BLOCKS = YES;
				GCC_OPTIMIZATION_LEVEL = 0;
				GCC_PREPROCESSOR_DEFINITIONS = (
					"DEBUG=1",
					"$(inherited)",
				);
				GCC_WARN_64_TO_32_BIT_CONVERSION = YES;
				GCC_WARN_ABOUT_RETURN_TYPE = YES_ERROR;
				GCC_WARN_UNDECLARED_SELECTOR = YES;
				GCC_WARN_UNINITIALIZED_AUTOS = YES_AGGRESSIVE;
				GCC_WARN_UNUSED_FUNCTION = YES;
				GCC_WARN_UNUSED_VARIABLE = YES;
				IPHONEOS_DEPLOYMENT_TARGET = 17.5;
				LOCALIZATION_PREFERS_STRING_CATALOGS = YES;
				MTL_ENABLE_DEBUG_INFO = INCLUDE_SOURCE;
				MTL_FAST_MATH = YES;
				ONLY_ACTIVE_ARCH = YES;
				SDKROOT = iphoneos;
				SWIFT_ACTIVE_COMPILATION_CONDITIONS = "DEBUG $(inherited)";
				SWIFT_OPTIMIZATION_LEVEL = "-Onone";
			};
			name = Debug;
		};
		3390E2E42CC6C2760063CE5B /* Release */ = {
			isa = XCBuildConfiguration;
			buildSettings = {
				ALWAYS_SEARCH_USER_PATHS = NO;
				ASSETCATALOG_COMPILER_GENERATE_SWIFT_ASSET_SYMBOL_EXTENSIONS = YES;
				CLANG_ANALYZER_NONNULL = YES;
				CLANG_ANALYZER_NUMBER_OBJECT_CONVERSION = YES_AGGRESSIVE;
				CLANG_CXX_LANGUAGE_STANDARD = "gnu++20";
				CLANG_ENABLE_MODULES = YES;
				CLANG_ENABLE_OBJC_ARC = YES;
				CLANG_ENABLE_OBJC_WEAK = YES;
				CLANG_WARN_BLOCK_CAPTURE_AUTORELEASING = YES;
				CLANG_WARN_BOOL_CONVERSION = YES;
				CLANG_WARN_COMMA = YES;
				CLANG_WARN_CONSTANT_CONVERSION = YES;
				CLANG_WARN_DEPRECATED_OBJC_IMPLEMENTATIONS = YES;
				CLANG_WARN_DIRECT_OBJC_ISA_USAGE = YES_ERROR;
				CLANG_WARN_DOCUMENTATION_COMMENTS = YES;
				CLANG_WARN_EMPTY_BODY = YES;
				CLANG_WARN_ENUM_CONVERSION = YES;
				CLANG_WARN_INFINITE_RECURSION = YES;
				CLANG_WARN_INT_CONVERSION = YES;
				CLANG_WARN_NON_LITERAL_NULL_CONVERSION = YES;
				CLANG_WARN_OBJC_IMPLICIT_RETAIN_SELF = YES;
				CLANG_WARN_OBJC_LITERAL_CONVERSION = YES;
				CLANG_WARN_OBJC_ROOT_CLASS = YES_ERROR;
				CLANG_WARN_QUOTED_INCLUDE_IN_FRAMEWORK_HEADER = YES;
				CLANG_WARN_RANGE_LOOP_ANALYSIS = YES;
				CLANG_WARN_STRICT_PROTOTYPES = YES;
				CLANG_WARN_SUSPICIOUS_MOVE = YES;
				CLANG_WARN_UNGUARDED_AVAILABILITY = YES_AGGRESSIVE;
				CLANG_WARN_UNREACHABLE_CODE = YES;
				CLANG_WARN__DUPLICATE_METHOD_MATCH = YES;
				COPY_PHASE_STRIP = NO;
				DEBUG_INFORMATION_FORMAT = "dwarf-with-dsym";
				ENABLE_NS_ASSERTIONS = NO;
				ENABLE_STRICT_OBJC_MSGSEND = YES;
				ENABLE_USER_SCRIPT_SANDBOXING = YES;
				GCC_C_LANGUAGE_STANDARD = gnu17;
				GCC_NO_COMMON_BLOCKS = YES;
				GCC_WARN_64_TO_32_BIT_CONVERSION = YES;
				GCC_WARN_ABOUT_RETURN_TYPE = YES_ERROR;
				GCC_WARN_UNDECLARED_SELECTOR = YES;
				GCC_WARN_UNINITIALIZED_AUTOS = YES_AGGRESSIVE;
				GCC_WARN_UNUSED_FUNCTION = YES;
				GCC_WARN_UNUSED_VARIABLE = YES;
				IPHONEOS_DEPLOYMENT_TARGET = 17.5;
				LOCALIZATION_PREFERS_STRING_CATALOGS = YES;
				MTL_ENABLE_DEBUG_INFO = NO;
				MTL_FAST_MATH = YES;
				SDKROOT = iphoneos;
				SWIFT_COMPILATION_MODE = wholemodule;
				VALIDATE_PRODUCT = YES;
			};
			name = Release;
		};
		3390E2E62CC6C2760063CE5B /* Debug */ = {
			isa = XCBuildConfiguration;
			buildSettings = {
				ASSETCATALOG_COMPILER_APPICON_NAME = AppIcon;
				ASSETCATALOG_COMPILER_GLOBAL_ACCENT_COLOR_NAME = AccentColor;
				CODE_SIGN_STYLE = Automatic;
				CURRENT_PROJECT_VERSION = 1;
				DEVELOPMENT_ASSET_PATHS = "\"GalkinHomework2/Preview Content\"";
				DEVELOPMENT_TEAM = DP23FM3236;
				ENABLE_PREVIEWS = YES;
				GENERATE_INFOPLIST_FILE = YES;
				INFOPLIST_KEY_UIApplicationSceneManifest_Generation = YES;
				INFOPLIST_KEY_UIApplicationSupportsIndirectInputEvents = YES;
				INFOPLIST_KEY_UILaunchScreen_Generation = YES;
				INFOPLIST_KEY_UISupportedInterfaceOrientations_iPad = "UIInterfaceOrientationPortrait UIInterfaceOrientationPortraitUpsideDown UIInterfaceOrientationLandscapeLeft UIInterfaceOrientationLandscapeRight";
				INFOPLIST_KEY_UISupportedInterfaceOrientations_iPhone = "UIInterfaceOrientationPortrait UIInterfaceOrientationLandscapeLeft UIInterfaceOrientationLandscapeRight";
				LD_RUNPATH_SEARCH_PATHS = (
					"$(inherited)",
					"@executable_path/Frameworks",
				);
				MARKETING_VERSION = 1.0;
				PRODUCT_BUNDLE_IDENTIFIER = agalkin.GalkinHomework2;
				PRODUCT_NAME = "$(TARGET_NAME)";
				SWIFT_EMIT_LOC_STRINGS = YES;
				SWIFT_VERSION = 5.0;
				TARGETED_DEVICE_FAMILY = "1,2";
			};
			name = Debug;
		};
		3390E2E72CC6C2760063CE5B /* Release */ = {
			isa = XCBuildConfiguration;
			buildSettings = {
				ASSETCATALOG_COMPILER_APPICON_NAME = AppIcon;
				ASSETCATALOG_COMPILER_GLOBAL_ACCENT_COLOR_NAME = AccentColor;
				CODE_SIGN_STYLE = Automatic;
				CURRENT_PROJECT_VERSION = 1;
				DEVELOPMENT_ASSET_PATHS = "\"GalkinHomework2/Preview Content\"";
				DEVELOPMENT_TEAM = DP23FM3236;
				ENABLE_PREVIEWS = YES;
				GENERATE_INFOPLIST_FILE = YES;
				INFOPLIST_KEY_UIApplicationSceneManifest_Generation = YES;
				INFOPLIST_KEY_UIApplicationSupportsIndirectInputEvents = YES;
				INFOPLIST_KEY_UILaunchScreen_Generation = YES;
				INFOPLIST_KEY_UISupportedInterfaceOrientations_iPad = "UIInterfaceOrientationPortrait UIInterfaceOrientationPortraitUpsideDown UIInterfaceOrientationLandscapeLeft UIInterfaceOrientationLandscapeRight";
				INFOPLIST_KEY_UISupportedInterfaceOrientations_iPhone = "UIInterfaceOrientationPortrait UIInterfaceOrientationLandscapeLeft UIInterfaceOrientationLandscapeRight";
				LD_RUNPATH_SEARCH_PATHS = (
					"$(inherited)",
					"@executable_path/Frameworks",
				);
				MARKETING_VERSION = 1.0;
				PRODUCT_BUNDLE_IDENTIFIER = agalkin.GalkinHomework2;
				PRODUCT_NAME = "$(TARGET_NAME)";
				SWIFT_EMIT_LOC_STRINGS = YES;
				SWIFT_VERSION = 5.0;
				TARGETED_DEVICE_FAMILY = "1,2";
			};
			name = Release;
		};
/* End XCBuildConfiguration section */

/* Begin XCConfigurationList section */
		3390E2D22CC6C26B0063CE5B /* Build configuration list for PBXProject "GalkinHomework2" */ = {
			isa = XCConfigurationList;
			buildConfigurations = (
				3390E2E32CC6C2760063CE5B /* Debug */,
				3390E2E42CC6C2760063CE5B /* Release */,
			);
			defaultConfigurationIsVisible = 0;
			defaultConfigurationName = Release;
		};
		3390E2E52CC6C2760063CE5B /* Build configuration list for PBXNativeTarget "GalkinHomework2" */ = {
			isa = XCConfigurationList;
			buildConfigurations = (
				3390E2E62CC6C2760063CE5B /* Debug */,
				3390E2E72CC6C2760063CE5B /* Release */,
			);
			defaultConfigurationIsVisible = 0;
			defaultConfigurationName = Release;
		};
/* End XCConfigurationList section */

/* Begin XCLocalSwiftPackageReference section */
		3394B1942CE4E2D40053D0FB /* XCLocalSwiftPackageReference "Modules/DS" */ = {
			isa = XCLocalSwiftPackageReference;
			relativePath = Modules/DS;
		};
		3394B19F2CE4E64D0053D0FB /* XCLocalSwiftPackageReference "Modules/WeatherNetwork" */ = {
			isa = XCLocalSwiftPackageReference;
			relativePath = Modules/WeatherNetwork;
		};
/* End XCLocalSwiftPackageReference section */

/* Begin XCSwiftPackageProductDependency section */
		3394B1952CE4E2D40053D0FB /* DS */ = {
			isa = XCSwiftPackageProductDependency;
			productName = DS;
		};
		3394B1A02CE4E64D0053D0FB /* WeatherNetwork */ = {
			isa = XCSwiftPackageProductDependency;
			productName = WeatherNetwork;
		};
/* End XCSwiftPackageProductDependency section */
	};
	rootObject = 3390E2CF2CC6C26B0063CE5B /* Project object */;
}
